
Microsoft Visual Studio Solution File, Format Version 12.00
# Visual Studio 14
VisualStudioVersion = 14.0.23107.0
MinimumVisualStudioVersion = 10.0.40219.1
Project("{FAE04EC0-301F-11D3-BF4B-00C04F79EFBC}") = "Beertown.Web", "Beertown.Web\Beertown.Web.csproj", "{44E96666-1403-4763-A698-6F808B0D3B6B}"
EndProject
Project("{FAE04EC0-301F-11D3-BF4B-00C04F79EFBC}") = "Beertown.Web.Tests", "Beertown.Web.Tests\Beertown.Web.Tests.csproj", "{227F2C50-2F0E-460C-BEE7-C2FE16EB6144}"
EndProject
Project("{FAE04EC0-301F-11D3-BF4B-00C04F79EFBC}") = "Beertown.Domain", "Beertown.Domain\Beertown.Domain.csproj", "{07DF410C-D144-4BF5-882C-FD54114AA6A9}"
EndProject
Global
	GlobalSection(SubversionScc) = preSolution
		Svn-Managed = True
		Manager = AnkhSVN - Subversion Support for Visual Studio
	EndGlobalSection
	GlobalSection(SolutionConfigurationPlatforms) = preSolution
		Debug|Any CPU = Debug|Any CPU
		Release|Any CPU = Release|Any CPU
	EndGlobalSection
	GlobalSection(ProjectConfigurationPlatforms) = postSolution
		{44E96666-1403-4763-A698-6F808B0D3B6B}.Debug|Any CPU.ActiveCfg = Debug|Any CPU
		{44E96666-1403-4763-A698-6F808B0D3B6B}.Debug|Any CPU.Build.0 = Debug|Any CPU
		{44E96666-1403-4763-A698-6F808B0D3B6B}.Release|Any CPU.ActiveCfg = Release|Any CPU
		{44E96666-1403-4763-A698-6F808B0D3B6B}.Release|Any CPU.Build.0 = Release|Any CPU
		{227F2C50-2F0E-460C-BEE7-C2FE16EB6144}.Debug|Any CPU.ActiveCfg = Debug|Any CPU
		{227F2C50-2F0E-460C-BEE7-C2FE16EB6144}.Debug|Any CPU.Build.0 = Debug|Any CPU
		{227F2C50-2F0E-460C-BEE7-C2FE16EB6144}.Release|Any CPU.ActiveCfg = Release|Any CPU
		{227F2C50-2F0E-460C-BEE7-C2FE16EB6144}.Release|Any CPU.Build.0 = Release|Any CPU
		{07DF410C-D144-4BF5-882C-FD54114AA6A9}.Debug|Any CPU.ActiveCfg = Debug|Any CPU
		{07DF410C-D144-4BF5-882C-FD54114AA6A9}.Debug|Any CPU.Build.0 = Debug|Any CPU
		{07DF410C-D144-4BF5-882C-FD54114AA6A9}.Release|Any CPU.ActiveCfg = Release|Any CPU
		{07DF410C-D144-4BF5-882C-FD54114AA6A9}.Release|Any CPU.Build.0 = Release|Any CPU
	EndGlobalSection
	GlobalSection(SolutionProperties) = preSolution
		HideSolutionNode = FALSE
	EndGlobalSection
EndGlobal
